{
  "version": "5",
  "specifiers": {
    "jsr:@std/assert@*": "1.0.6",
    "jsr:@std/cli@*": "1.0.21",
    "jsr:@std/cli@1.0.21": "1.0.21",
    "jsr:@std/internal@^1.0.10": "1.0.10",
    "jsr:@std/internal@^1.0.4": "1.0.10",
    "jsr:@std/path@*": "1.1.2",
    "jsr:@std/path@1.1.2": "1.1.2",
    "jsr:@std/yaml@*": "1.0.9",
    "jsr:@std/yaml@1.0.9": "1.0.9",
    "npm:@ai-sdk/openai@^2.0.15": "2.0.20_zod@4.1.1",
    "npm:ai@^5.0.15": "5.0.23_zod@4.1.1",
    "npm:husky@^9.1.7": "9.1.7",
    "npm:zod@^4.0.17": "4.1.1"
  },
  "jsr": {
    "@std/assert@1.0.6": {
      "integrity": "1904c05806a25d94fe791d6d883b685c9e2dcd60e4f9fc30f4fc5cf010c72207",
      "dependencies": [
        "jsr:@std/internal@^1.0.4"
      ]
    },
    "@std/cli@1.0.21": {
      "integrity": "cd25b050bdf6282e321854e3822bee624f07aca7636a3a76d95f77a3a919ca2a"
    },
    "@std/internal@1.0.10": {
      "integrity": "e3be62ce42cab0e177c27698e5d9800122f67b766a0bea6ca4867886cbde8cf7"
    },
    "@std/path@1.1.2": {
      "integrity": "c0b13b97dfe06546d5e16bf3966b1cadf92e1cc83e56ba5476ad8b498d9e3038",
      "dependencies": [
        "jsr:@std/internal@^1.0.10"
      ]
    },
    "@std/yaml@1.0.9": {
      "integrity": "6bad3dc766dd85b4b37eabcba81b6aa4eac7a392792ae29abcfb0f90602d55bb"
    }
  },
  "npm": {
    "@ai-sdk/gateway@1.0.12_zod@4.1.1": {
      "integrity": "sha512-IH7bBrirbzUDUhPzl5fsXLaMKxbezXnoTTZEAtbRrL6AiYycH//B9U1u+FHuteISndbDArp0b5ujpW2mhHWceA==",
      "dependencies": [
        "@ai-sdk/provider",
        "@ai-sdk/provider-utils",
        "zod"
      ]
    },
    "@ai-sdk/openai@2.0.20_zod@4.1.1": {
      "integrity": "sha512-6cBQpb6Sh5pCthSb/rGhIAsVq3EfHYKtFmeYapsBpILMkWI2DiIOajpEVe9DWCQaqTjXglZdbQsxSFJoaWlNQQ==",
      "dependencies": [
        "@ai-sdk/provider",
        "@ai-sdk/provider-utils",
        "zod"
      ]
    },
    "@ai-sdk/provider-utils@3.0.5_zod@4.1.1": {
      "integrity": "sha512-HliwB/yzufw3iwczbFVE2Fiwf1XqROB/I6ng8EKUsPM5+2wnIa8f4VbljZcDx+grhFrPV+PnRZH7zBqi8WZM7Q==",
      "dependencies": [
        "@ai-sdk/provider",
        "@standard-schema/spec",
        "eventsource-parser",
        "zod",
        "zod-to-json-schema"
      ]
    },
    "@ai-sdk/provider@2.0.0": {
      "integrity": "sha512-6o7Y2SeO9vFKB8lArHXehNuusnpddKPk7xqL7T2/b+OvXMRIXUO1rR4wcv1hAFUAT9avGZshty3Wlua/XA7TvA==",
      "dependencies": [
        "json-schema"
      ]
    },
    "@opentelemetry/api@1.9.0": {
      "integrity": "sha512-3giAOQvZiH5F9bMlMiv8+GSPMeqg0dbaeo58/0SlA9sxSqZhnUtxzX9/2FzyhS9sWQf5S0GJE0AKBrFqjpeYcg=="
    },
    "@standard-schema/spec@1.0.0": {
      "integrity": "sha512-m2bOd0f2RT9k8QJx1JN85cZYyH1RqFBdlwtkSlf4tBDYLCiiZnv1fIIwacK6cqwXavOydf0NPToMQgpKq+dVlA=="
    },
    "ai@5.0.23_zod@4.1.1": {
      "integrity": "sha512-1zUF0o1zRI7UmSd8u5CKc2iHNhv21tM95Oka81c0CF77GnTbq5RvrAqVuLI+gMyKcIgs99yxA+xc5hJXvh6V+w==",
      "dependencies": [
        "@ai-sdk/gateway",
        "@ai-sdk/provider",
        "@ai-sdk/provider-utils",
        "@opentelemetry/api",
        "zod"
      ]
    },
    "eventsource-parser@3.0.5": {
      "integrity": "sha512-bSRG85ZrMdmWtm7qkF9He9TNRzc/Bm99gEJMaQoHJ9E6Kv9QBbsldh2oMj7iXmYNEAVvNgvv5vPorG6W+XtBhQ=="
    },
    "husky@9.1.7": {
      "integrity": "sha512-5gs5ytaNjBrh5Ow3zrvdUUY+0VxIuWVL4i9irt6friV+BqdCfmV11CQTWMiBYWHbXhco+J1kHfTOUkePhCDvMA==",
      "bin": true
    },
    "json-schema@0.4.0": {
      "integrity": "sha512-es94M3nTIfsEPisRafak+HDLfHXnKBhV3vU5eqPcS3flIWqcxJWgXHXiey3YrpaNsanY5ei1VoYEbOzijuq9BA=="
    },
    "zod-to-json-schema@3.24.6_zod@4.1.1": {
      "integrity": "sha512-h/z3PKvcTcTetyjl1fkj79MHNEjm+HpD6NXheWjzOekY7kV+lwDYnHw+ivHkijnCSMz1yJaWBD9vu/Fcmk+vEg==",
      "dependencies": [
        "zod"
      ]
    },
    "zod@4.1.1": {
      "integrity": "sha512-SgMZK/h8Tigt9nnKkfJMvB/mKjiJXaX26xegP4sa+0wHIFVFWVlsQGdhklDmuargBD3Hsi3rsQRIzwJIhTPJHA=="
    }
  },
  "workspace": {
    "dependencies": [
      "jsr:@std/cli@1",
      "jsr:@std/path@1",
      "jsr:@std/yaml@1"
    ],
    "packageJson": {
      "dependencies": [
        "npm:@ai-sdk/openai@^2.0.15",
        "npm:@eslint/js@^9.34.0",
        "npm:@marp-team/marp-cli@^4.2.3",
        "npm:@types/node@^24.3.0",
        "npm:@typescript-eslint/eslint-plugin@^8.40.0",
        "npm:@typescript-eslint/parser@^8.40.0",
        "npm:ai@^5.0.15",
        "npm:commander@14",
        "npm:eslint-config-prettier@^10.1.8",
        "npm:eslint-plugin-prettier@^5.5.4",
        "npm:eslint@^9.34.0",
        "npm:husky@^9.1.7",
        "npm:prettier@^3.6.2",
        "npm:sort-package-json@^3.4.0",
        "npm:tsx@^4.7.0",
        "npm:typescript@^5.9.2",
        "npm:vitest@2",
        "npm:yaml@^2.8.1",
        "npm:zod@^4.0.17"
      ]
    }
  }
}
