{
  "version": "4",
  "remote": {
    "https://deno.land/std@0.224.0/assert/assert_exists.ts": "43420cf7f956748ae6ed1230646567b3593cb7a36c5a5327269279c870c5ddfd",
    "https://deno.land/std@0.224.0/assert/assertion_error.ts": "ba8752bd27ebc51f723702fac2f54d3e94447598f54264a6653d6413738a8917",
    "https://deno.land/std@0.224.0/flags/mod.ts": "88553267f34519c8982212185339efdb2d2e62c159ec558f47eb50c8952a6be3"
  },
  "workspace": {
    "packageJson": {
      "dependencies": [
        "npm:@ai-sdk/openai@^2.0.15",
        "npm:@eslint/js@^9.34.0",
        "npm:@marp-team/marp-cli@^4.2.3",
        "npm:@types/node@^24.3.0",
        "npm:@typescript-eslint/eslint-plugin@^8.40.0",
        "npm:@typescript-eslint/parser@^8.40.0",
        "npm:ai@^5.0.15",
        "npm:commander@14",
        "npm:eslint-config-prettier@^10.1.8",
        "npm:eslint-plugin-prettier@^5.5.4",
        "npm:eslint@^9.34.0",
        "npm:husky@^9.1.7",
        "npm:lint-staged@^16.1.5",
        "npm:prettier@^3.6.2",
        "npm:sort-package-json@^3.4.0",
        "npm:tsup@^8.5.0",
        "npm:tsx@^4.7.0",
        "npm:typescript@^5.9.2",
        "npm:yaml@^2.8.1",
        "npm:zod@^4.0.17"
      ]
    }
  }
}
